
Microsoft Visual Studio Solution File, Format Version 12.00
# Visual Studio Version 16
VisualStudioVersion = 16.0.31624.102
MinimumVisualStudioVersion = 10.0.40219.1
Project("{FAE04EC0-301F-11D3-BF4B-00C04F79EFBC}") = "lab3", "lab3.csproj", "{30437D85-1682-47E3-92A6-2146C37892D6}"
EndProject
Global
	GlobalSection(SolutionConfigurationPlatforms) = preSolution
		Debug|Any CPU = Debug|Any CPU
		Release|Any CPU = Release|Any CPU
	EndGlobalSection
	GlobalSection(ProjectConfigurationPlatforms) = postSolution
		{30437D85-1682-47E3-92A6-2146C37892D6}.Debug|Any CPU.ActiveCfg = Debug|Any CPU
		{30437D85-1682-47E3-92A6-2146C37892D6}.Debug|Any CPU.Build.0 = Debug|Any CPU
		{30437D85-1682-47E3-92A6-2146C37892D6}.Release|Any CPU.ActiveCfg = Release|Any CPU
		{30437D85-1682-47E3-92A6-2146C37892D6}.Release|Any CPU.Build.0 = Release|Any CPU
	EndGlobalSection
	GlobalSection(SolutionProperties) = preSolution
		HideSolutionNode = FALSE
	EndGlobalSection
	GlobalSection(ExtensibilityGlobals) = postSolution
		SolutionGuid = {26118CA3-000F-43BC-B3C0-45E3B32A34B4}
	EndGlobalSection
EndGlobal
